# This file is automatically @generated by Cargo.
# It is not intended for manual editing.
[[package]]
name = "svg-sprite"
version = "0.1.0"
dependencies = [
 "xmltree",
]

[[package]]
name = "xml-rs"
version = "0.8.0"
source = "registry+https://github.com/rust-lang/crates.io-index"
checksum = "541b12c998c5b56aa2b4e6f18f03664eef9a4fd0a246a55594efae6cc2d964b5"

[[package]]
name = "xmltree"
version = "0.10.0"
source = "registry+https://github.com/rust-lang/crates.io-index"
checksum = "77a607efe600db25447a8d9bab1f39217a82c4ba160b51b027d7c4f6053004df"
dependencies = [
 "xml-rs",
]
